// !$*UTF8*$!
{
	archiveVersion = 1;
	classes = {
	};
	objectVersion = 50;
	objects = {

/* Begin PBXBuildFile section */
		5B29819324FC201300ABF31E /* AppDelegate.swift in Sources */ = {isa = PBXBuildFile; fileRef = 5B29819224FC201300ABF31E /* AppDelegate.swift */; };
		5B29819524FC201300ABF31E /* SceneDelegate.swift in Sources */ = {isa = PBXBuildFile; fileRef = 5B29819424FC201300ABF31E /* SceneDelegate.swift */; };
		5B29819724FC201300ABF31E /* ViewController.swift in Sources */ = {isa = PBXBuildFile; fileRef = 5B29819624FC201300ABF31E /* ViewController.swift */; };
		5B29819A24FC201300ABF31E /* Main.storyboard in Resources */ = {isa = PBXBuildFile; fileRef = 5B29819824FC201300ABF31E /* Main.storyboard */; };
		5B29819C24FC201400ABF31E /* Assets.xcassets in Resources */ = {isa = PBXBuildFile; fileRef = 5B29819B24FC201400ABF31E /* Assets.xcassets */; };
		5B29819F24FC201400ABF31E /* LaunchScreen.storyboard in Resources */ = {isa = PBXBuildFile; fileRef = 5B29819D24FC201400ABF31E /* LaunchScreen.storyboard */; };
		5B2981AA24FC201400ABF31E /* Assignment8Tests.swift in Sources */ = {isa = PBXBuildFile; fileRef = 5B2981A924FC201400ABF31E /* Assignment8Tests.swift */; };
		5B2981B524FC201400ABF31E /* Assignment8UITests.swift in Sources */ = {isa = PBXBuildFile; fileRef = 5B2981B424FC201400ABF31E /* Assignment8UITests.swift */; };
/* End PBXBuildFile section */

/* Begin PBXContainerItemProxy section */
		5B2981A624FC201400ABF31E /* PBXContainerItemProxy */ = {
			isa = PBXContainerItemProxy;
			containerPortal = 5B29818724FC201300ABF31E /* Project object */;
			proxyType = 1;
			remoteGlobalIDString = 5B29818E24FC201300ABF31E;
			remoteInfo = Assignment8;
		};
		5B2981B124FC201400ABF31E /* PBXContainerItemProxy */ = {
			isa = PBXContainerItemProxy;
			containerPortal = 5B29818724FC201300ABF31E /* Project object */;
			proxyType = 1;
			remoteGlobalIDString = 5B29818E24FC201300ABF31E;
			remoteInfo = Assignment8;
		};
/* End PBXContainerItemProxy section */

/* Begin PBXFileReference section */
		5B29818F24FC201300ABF31E /* Assignment8.app */ = {isa = PBXFileReference; explicitFileType = wrapper.application; includeInIndex = 0; path = Assignment8.app; sourceTree = BUILT_PRODUCTS_DIR; };
		5B29819224FC201300ABF31E /* AppDelegate.swift */ = {isa = PBXFileReference; lastKnownFileType = sourcecode.swift; path = AppDelegate.swift; sourceTree = "<group>"; };
		5B29819424FC201300ABF31E /* SceneDelegate.swift */ = {isa = PBXFileReference; lastKnownFileType = sourcecode.swift; path = SceneDelegate.swift; sourceTree = "<group>"; };
		5B29819624FC201300ABF31E /* ViewController.swift */ = {isa = PBXFileReference; lastKnownFileType = sourcecode.swift; path = ViewController.swift; sourceTree = "<group>"; };
		5B29819924FC201300ABF31E /* Base */ = {isa = PBXFileReference; lastKnownFileType = file.storyboard; name = Base; path = Base.lproj/Main.storyboard; sourceTree = "<group>"; };
		5B29819B24FC201400ABF31E /* Assets.xcassets */ = {isa = PBXFileReference; lastKnownFileType = folder.assetcatalog; path = Assets.xcassets; sourceTree = "<group>"; };
		5B29819E24FC201400ABF31E /* Base */ = {isa = PBXFileReference; lastKnownFileType = file.storyboard; name = Base; path = Base.lproj/LaunchScreen.storyboard; sourceTree = "<group>"; };
		5B2981A024FC201400ABF31E /* Info.plist */ = {isa = PBXFileReference; lastKnownFileType = text.plist.xml; path = Info.plist; sourceTree = "<group>"; };
		5B2981A524FC201400ABF31E /* Assignment8Tests.xctest */ = {isa = PBXFileReference; explicitFileType = wrapper.cfbundle; includeInIndex = 0; path = Assignment8Tests.xctest; sourceTree = BUILT_PRODUCTS_DIR; };
		5B2981A924FC201400ABF31E /* Assignment8Tests.swift */ = {isa = PBXFileReference; lastKnownFileType = sourcecode.swift; path = Assignment8Tests.swift; sourceTree = "<group>"; };
		5B2981AB24FC201400ABF31E /* Info.plist */ = {isa = PBXFileReference; lastKnownFileType = text.plist.xml; path = Info.plist; sourceTree = "<group>"; };
		5B2981B024FC201400ABF31E /* Assignment8UITests.xctest */ = {isa = PBXFileReference; explicitFileType = wrapper.cfbundle; includeInIndex = 0; path = Assignment8UITests.xctest; sourceTree = BUILT_PRODUCTS_DIR; };
		5B2981B424FC201400ABF31E /* Assignment8UITests.swift */ = {isa = PBXFileReference; lastKnownFileType = sourcecode.swift; path = Assignment8UITests.swift; sourceTree = "<group>"; };
		5B2981B624FC201400ABF31E /* Info.plist */ = {isa = PBXFileReference; lastKnownFileType = text.plist.xml; path = Info.plist; sourceTree = "<group>"; };
/* End PBXFileReference section */

/* Begin PBXFrameworksBuildPhase section */
		5B29818C24FC201300ABF31E /* Frameworks */ = {
			isa = PBXFrameworksBuildPhase;
			buildActionMask = 2147483647;
			files = (
			);
			runOnlyForDeploymentPostprocessing = 0;
		};
		5B2981A224FC201400ABF31E /* Frameworks */ = {
			isa = PBXFrameworksBuildPhase;
			buildActionMask = 2147483647;
			files = (
			);
			runOnlyForDeploymentPostprocessing = 0;
		};
		5B2981AD24FC201400ABF31E /* Frameworks */ = {
			isa = PBXFrameworksBuildPhase;
			buildActionMask = 2147483647;
			files = (
			);
			runOnlyForDeploymentPostprocessing = 0;
		};
/* End PBXFrameworksBuildPhase section */

/* Begin PBXGroup section */
		5B29818624FC201300ABF31E = {
			isa = PBXGroup;
			children = (
				5B29819124FC201300ABF31E /* Assignment8 */,
				5B2981A824FC201400ABF31E /* Assignment8Tests */,
				5B2981B324FC201400ABF31E /* Assignment8UITests */,
				5B29819024FC201300ABF31E /* Products */,
			);
			sourceTree = "<group>";
		};
		5B29819024FC201300ABF31E /* Products */ = {
			isa = PBXGroup;
			children = (
				5B29818F24FC201300ABF31E /* Assignment8.app */,
				5B2981A524FC201400ABF31E /* Assignment8Tests.xctest */,
				5B2981B024FC201400ABF31E /* Assignment8UITests.xctest */,
			);
			name = Products;
			sourceTree = "<group>";
		};
		5B29819124FC201300ABF31E /* Assignment8 */ = {
			isa = PBXGroup;
			children = (
				5B29819224FC201300ABF31E /* AppDelegate.swift */,
				5B29819424FC201300ABF31E /* SceneDelegate.swift */,
				5B29819624FC201300ABF31E /* ViewController.swift */,
				5B29819824FC201300ABF31E /* Main.storyboard */,
				5B29819B24FC201400ABF31E /* Assets.xcassets */,
				5B29819D24FC201400ABF31E /* LaunchScreen.storyboard */,
				5B2981A024FC201400ABF31E /* Info.plist */,
			);
			path = Assignment8;
			sourceTree = "<group>";
		};
		5B2981A824FC201400ABF31E /* Assignment8Tests */ = {
			isa = PBXGroup;
			children = (
				5B2981A924FC201400ABF31E /* Assignment8Tests.swift */,
				5B2981AB24FC201400ABF31E /* Info.plist */,
			);
			path = Assignment8Tests;
			sourceTree = "<group>";
		};
		5B2981B324FC201400ABF31E /* Assignment8UITests */ = {
			isa = PBXGroup;
			children = (
				5B2981B424FC201400ABF31E /* Assignment8UITests.swift */,
				5B2981B624FC201400ABF31E /* Info.plist */,
			);
			path = Assignment8UITests;
			sourceTree = "<group>";
		};
/* End PBXGroup section */

/* Begin PBXNativeTarget section */
		5B29818E24FC201300ABF31E /* Assignment8 */ = {
			isa = PBXNativeTarget;
			buildConfigurationList = 5B2981B924FC201400ABF31E /* Build configuration list for PBXNativeTarget "Assignment8" */;
			buildPhases = (
				5B29818B24FC201300ABF31E /* Sources */,
				5B29818C24FC201300ABF31E /* Frameworks */,
				5B29818D24FC201300ABF31E /* Resources */,
			);
			buildRules = (
			);
			dependencies = (
			);
			name = Assignment8;
			productName = Assignment8;
			productReference = 5B29818F24FC201300ABF31E /* Assignment8.app */;
			productType = "com.apple.product-type.application";
		};
		5B2981A424FC201400ABF31E /* Assignment8Tests */ = {
			isa = PBXNativeTarget;
			buildConfigurationList = 5B2981BC24FC201400ABF31E /* Build configuration list for PBXNativeTarget "Assignment8Tests" */;
			buildPhases = (
				5B2981A124FC201400ABF31E /* Sources */,
				5B2981A224FC201400ABF31E /* Frameworks */,
				5B2981A324FC201400ABF31E /* Resources */,
			);
			buildRules = (
			);
			dependencies = (
				5B2981A724FC201400ABF31E /* PBXTargetDependency */,
			);
			name = Assignment8Tests;
			productName = Assignment8Tests;
			productReference = 5B2981A524FC201400ABF31E /* Assignment8Tests.xctest */;
			productType = "com.apple.product-type.bundle.unit-test";
		};
		5B2981AF24FC201400ABF31E /* Assignment8UITests */ = {
			isa = PBXNativeTarget;
			buildConfigurationList = 5B2981BF24FC201400ABF31E /* Build configuration list for PBXNativeTarget "Assignment8UITests" */;
			buildPhases = (
				5B2981AC24FC201400ABF31E /* Sources */,
				5B2981AD24FC201400ABF31E /* Frameworks */,
				5B2981AE24FC201400ABF31E /* Resources */,
			);
			buildRules = (
			);
			dependencies = (
				5B2981B224FC201400ABF31E /* PBXTargetDependency */,
			);
			name = Assignment8UITests;
			productName = Assignment8UITests;
			productReference = 5B2981B024FC201400ABF31E /* Assignment8UITests.xctest */;
			productType = "com.apple.product-type.bundle.ui-testing";
		};
/* End PBXNativeTarget section */

/* Begin PBXProject section */
		5B29818724FC201300ABF31E /* Project object */ = {
			isa = PBXProject;
			attributes = {
				LastSwiftUpdateCheck = 1160;
				LastUpgradeCheck = 1160;
				ORGANIZATIONNAME = "Suhaas Choppavarapu";
				TargetAttributes = {
					5B29818E24FC201300ABF31E = {
						CreatedOnToolsVersion = 11.6;
					};
					5B2981A424FC201400ABF31E = {
						CreatedOnToolsVersion = 11.6;
						TestTargetID = 5B29818E24FC201300ABF31E;
					};
					5B2981AF24FC201400ABF31E = {
						CreatedOnToolsVersion = 11.6;
						TestTargetID = 5B29818E24FC201300ABF31E;
					};
				};
			};
			buildConfigurationList = 5B29818A24FC201300ABF31E /* Build configuration list for PBXProject "Assignment8" */;
			compatibilityVersion = "Xcode 9.3";
			developmentRegion = en;
			hasScannedForEncodings = 0;
			knownRegions = (
				en,
				Base,
			);
			mainGroup = 5B29818624FC201300ABF31E;
			productRefGroup = 5B29819024FC201300ABF31E /* Products */;
			projectDirPath = "";
			projectRoot = "";
			targets = (
				5B29818E24FC201300ABF31E /* Assignment8 */,
				5B2981A424FC201400ABF31E /* Assignment8Tests */,
				5B2981AF24FC201400ABF31E /* Assignment8UITests */,
			);
		};
/* End PBXProject section */

/* Begin PBXResourcesBuildPhase section */
		5B29818D24FC201300ABF31E /* Resources */ = {
			isa = PBXResourcesBuildPhase;
			buildActionMask = 2147483647;
			files = (
				5B29819F24FC201400ABF31E /* LaunchScreen.storyboard in Resources */,
				5B29819C24FC201400ABF31E /* Assets.xcassets in Resources */,
				5B29819A24FC201300ABF31E /* Main.storyboard in Resources */,
			);
			runOnlyForDeploymentPostprocessing = 0;
		};
		5B2981A324FC201400ABF31E /* Resources */ = {
			isa = PBXResourcesBuildPhase;
			buildActionMask = 2147483647;
			files = (
			);
			runOnlyForDeploymentPostprocessing = 0;
		};
		5B2981AE24FC201400ABF31E /* Resources */ = {
			isa = PBXResourcesBuildPhase;
			buildActionMask = 2147483647;
			files = (
			);
			runOnlyForDeploymentPostprocessing = 0;
		};
/* End PBXResourcesBuildPhase section */

/* Begin PBXSourcesBuildPhase section */
		5B29818B24FC201300ABF31E /* Sources */ = {
			isa = PBXSourcesBuildPhase;
			buildActionMask = 2147483647;
			files = (
				5B29819724FC201300ABF31E /* ViewController.swift in Sources */,
				5B29819324FC201300ABF31E /* AppDelegate.swift in Sources */,
				5B29819524FC201300ABF31E /* SceneDelegate.swift in Sources */,
			);
			runOnlyForDeploymentPostprocessing = 0;
		};
		5B2981A124FC201400ABF31E /* Sources */ = {
			isa = PBXSourcesBuildPhase;
			buildActionMask = 2147483647;
			files = (
				5B2981AA24FC201400ABF31E /* Assignment8Tests.swift in Sources */,
			);
			runOnlyForDeploymentPostprocessing = 0;
		};
		5B2981AC24FC201400ABF31E /* Sources */ = {
			isa = PBXSourcesBuildPhase;
			buildActionMask = 2147483647;
			files = (
				5B2981B524FC201400ABF31E /* Assignment8UITests.swift in Sources */,
			);
			runOnlyForDeploymentPostprocessing = 0;
		};
/* End PBXSourcesBuildPhase section */

/* Begin PBXTargetDependency section */
		5B2981A724FC201400ABF31E /* PBXTargetDependency */ = {
			isa = PBXTargetDependency;
			target = 5B29818E24FC201300ABF31E /* Assignment8 */;
			targetProxy = 5B2981A624FC201400ABF31E /* PBXContainerItemProxy */;
		};
		5B2981B224FC201400ABF31E /* PBXTargetDependency */ = {
			isa = PBXTargetDependency;
			target = 5B29818E24FC201300ABF31E /* Assignment8 */;
			targetProxy = 5B2981B124FC201400ABF31E /* PBXContainerItemProxy */;
		};
/* End PBXTargetDependency section */

/* Begin PBXVariantGroup section */
		5B29819824FC201300ABF31E /* Main.storyboard */ = {
			isa = PBXVariantGroup;
			children = (
				5B29819924FC201300ABF31E /* Base */,
			);
			name = Main.storyboard;
			sourceTree = "<group>";
		};
		5B29819D24FC201400ABF31E /* LaunchScreen.storyboard */ = {
			isa = PBXVariantGroup;
			children = (
				5B29819E24FC201400ABF31E /* Base */,
			);
			name = LaunchScreen.storyboard;
			sourceTree = "<group>";
		};
/* End PBXVariantGroup section */

/* Begin XCBuildConfiguration section */
		5B2981B724FC201400ABF31E /* Debug */ = {
			isa = XCBuildConfiguration;
			buildSettings = {
				ALWAYS_SEARCH_USER_PATHS = NO;
				CLANG_ANALYZER_NONNULL = YES;
				CLANG_ANALYZER_NUMBER_OBJECT_CONVERSION = YES_AGGRESSIVE;
				CLANG_CXX_LANGUAGE_STANDARD = "gnu++14";
				CLANG_CXX_LIBRARY = "libc++";
				CLANG_ENABLE_MODULES = YES;
				CLANG_ENABLE_OBJC_ARC = YES;
				CLANG_ENABLE_OBJC_WEAK = YES;
				CLANG_WARN_BLOCK_CAPTURE_AUTORELEASING = YES;
				CLANG_WARN_BOOL_CONVERSION = YES;
				CLANG_WARN_COMMA = YES;
				CLANG_WARN_CONSTANT_CONVERSION = YES;
				CLANG_WARN_DEPRECATED_OBJC_IMPLEMENTATIONS = YES;
				CLANG_WARN_DIRECT_OBJC_ISA_USAGE = YES_ERROR;
				CLANG_WARN_DOCUMENTATION_COMMENTS = YES;
				CLANG_WARN_EMPTY_BODY = YES;
				CLANG_WARN_ENUM_CONVERSION = YES;
				CLANG_WARN_INFINITE_RECURSION = YES;
				CLANG_WARN_INT_CONVERSION = YES;
				CLANG_WARN_NON_LITERAL_NULL_CONVERSION = YES;
				CLANG_WARN_OBJC_IMPLICIT_RETAIN_SELF = YES;
				CLANG_WARN_OBJC_LITERAL_CONVERSION = YES;
				CLANG_WARN_OBJC_ROOT_CLASS = YES_ERROR;
				CLANG_WARN_RANGE_LOOP_ANALYSIS = YES;
				CLANG_WARN_STRICT_PROTOTYPES = YES;
				CLANG_WARN_SUSPICIOUS_MOVE = YES;
				CLANG_WARN_UNGUARDED_AVAILABILITY = YES_AGGRESSIVE;
				CLANG_WARN_UNREACHABLE_CODE = YES;
				CLANG_WARN__DUPLICATE_METHOD_MATCH = YES;
				COPY_PHASE_STRIP = NO;
				DEBUG_INFORMATION_FORMAT = dwarf;
				ENABLE_STRICT_OBJC_MSGSEND = YES;
				ENABLE_TESTABILITY = YES;
				GCC_C_LANGUAGE_STANDARD = gnu11;
				GCC_DYNAMIC_NO_PIC = NO;
				GCC_NO_COMMON_BLOCKS = YES;
				GCC_OPTIMIZATION_LEVEL = 0;
				GCC_PREPROCESSOR_DEFINITIONS = (
					"DEBUG=1",
					"$(inherited)",
				);
				GCC_WARN_64_TO_32_BIT_CONVERSION = YES;
				GCC_WARN_ABOUT_RETURN_TYPE = YES_ERROR;
				GCC_WARN_UNDECLARED_SELECTOR = YES;
				GCC_WARN_UNINITIALIZED_AUTOS = YES_AGGRESSIVE;
				GCC_WARN_UNUSED_FUNCTION = YES;
				GCC_WARN_UNUSED_VARIABLE = YES;
				IPHONEOS_DEPLOYMENT_TARGET = 13.6;
				MTL_ENABLE_DEBUG_INFO = INCLUDE_SOURCE;
				MTL_FAST_MATH = YES;
				ONLY_ACTIVE_ARCH = YES;
				SDKROOT = iphoneos;
				SWIFT_ACTIVE_COMPILATION_CONDITIONS = DEBUG;
				SWIFT_OPTIMIZATION_LEVEL = "-Onone";
			};
			name = Debug;
		};
		5B2981B824FC201400ABF31E /* Release */ = {
			isa = XCBuildConfiguration;
			buildSettings = {
				ALWAYS_SEARCH_USER_PATHS = NO;
				CLANG_ANALYZER_NONNULL = YES;
				CLANG_ANALYZER_NUMBER_OBJECT_CONVERSION = YES_AGGRESSIVE;
				CLANG_CXX_LANGUAGE_STANDARD = "gnu++14";
				CLANG_CXX_LIBRARY = "libc++";
				CLANG_ENABLE_MODULES = YES;
				CLANG_ENABLE_OBJC_ARC = YES;
				CLANG_ENABLE_OBJC_WEAK = YES;
				CLANG_WARN_BLOCK_CAPTURE_AUTORELEASING = YES;
				CLANG_WARN_BOOL_CONVERSION = YES;
				CLANG_WARN_COMMA = YES;
				CLANG_WARN_CONSTANT_CONVERSION = YES;
				CLANG_WARN_DEPRECATED_OBJC_IMPLEMENTATIONS = YES;
				CLANG_WARN_DIRECT_OBJC_ISA_USAGE = YES_ERROR;
				CLANG_WARN_DOCUMENTATION_COMMENTS = YES;
				CLANG_WARN_EMPTY_BODY = YES;
				CLANG_WARN_ENUM_CONVERSION = YES;
				CLANG_WARN_INFINITE_RECURSION = YES;
				CLANG_WARN_INT_CONVERSION = YES;
				CLANG_WARN_NON_LITERAL_NULL_CONVERSION = YES;
				CLANG_WARN_OBJC_IMPLICIT_RETAIN_SELF = YES;
				CLANG_WARN_OBJC_LITERAL_CONVERSION = YES;
				CLANG_WARN_OBJC_ROOT_CLASS = YES_ERROR;
				CLANG_WARN_RANGE_LOOP_ANALYSIS = YES;
				CLANG_WARN_STRICT_PROTOTYPES = YES;
				CLANG_WARN_SUSPICIOUS_MOVE = YES;
				CLANG_WARN_UNGUARDED_AVAILABILITY = YES_AGGRESSIVE;
				CLANG_WARN_UNREACHABLE_CODE = YES;
				CLANG_WARN__DUPLICATE_METHOD_MATCH = YES;
				COPY_PHASE_STRIP = NO;
				DEBUG_INFORMATION_FORMAT = "dwarf-with-dsym";
				ENABLE_NS_ASSERTIONS = NO;
				ENABLE_STRICT_OBJC_MSGSEND = YES;
				GCC_C_LANGUAGE_STANDARD = gnu11;
				GCC_NO_COMMON_BLOCKS = YES;
				GCC_WARN_64_TO_32_BIT_CONVERSION = YES;
				GCC_WARN_ABOUT_RETURN_TYPE = YES_ERROR;
				GCC_WARN_UNDECLARED_SELECTOR = YES;
				GCC_WARN_UNINITIALIZED_AUTOS = YES_AGGRESSIVE;
				GCC_WARN_UNUSED_FUNCTION = YES;
				GCC_WARN_UNUSED_VARIABLE = YES;
				IPHONEOS_DEPLOYMENT_TARGET = 13.6;
				MTL_ENABLE_DEBUG_INFO = NO;
				MTL_FAST_MATH = YES;
				SDKROOT = iphoneos;
				SWIFT_COMPILATION_MODE = wholemodule;
				SWIFT_OPTIMIZATION_LEVEL = "-O";
				VALIDATE_PRODUCT = YES;
			};
			name = Release;
		};
		5B2981BA24FC201400ABF31E /* Debug */ = {
			isa = XCBuildConfiguration;
			buildSettings = {
				ASSETCATALOG_COMPILER_APPICON_NAME = AppIcon;
				CODE_SIGN_STYLE = Automatic;
				INFOPLIST_FILE = Assignment8/Info.plist;
				LD_RUNPATH_SEARCH_PATHS = (
					"$(inherited)",
					"@executable_path/Frameworks",
				);
				PRODUCT_BUNDLE_IDENTIFIER = SMLogics.Assignment8;
				PRODUCT_NAME = "$(TARGET_NAME)";
				SWIFT_VERSION = 5.0;
				TARGETED_DEVICE_FAMILY = "1,2";
			};
			name = Debug;
		};
		5B2981BB24FC201400ABF31E /* Release */ = {
			isa = XCBuildConfiguration;
			buildSettings = {
				ASSETCATALOG_COMPILER_APPICON_NAME = AppIcon;
				CODE_SIGN_STYLE = Automatic;
				INFOPLIST_FILE = Assignment8/Info.plist;
				LD_RUNPATH_SEARCH_PATHS = (
					"$(inherited)",
					"@executable_path/Frameworks",
				);
				PRODUCT_BUNDLE_IDENTIFIER = SMLogics.Assignment8;
				PRODUCT_NAME = "$(TARGET_NAME)";
				SWIFT_VERSION = 5.0;
				TARGETED_DEVICE_FAMILY = "1,2";
			};
			name = Release;
		};
		5B2981BD24FC201400ABF31E /* Debug */ = {
			isa = XCBuildConfiguration;
			buildSettings = {
				ALWAYS_EMBED_SWIFT_STANDARD_LIBRARIES = YES;
				BUNDLE_LOADER = "$(TEST_HOST)";
				CODE_SIGN_STYLE = Automatic;
				INFOPLIST_FILE = Assignment8Tests/Info.plist;
				IPHONEOS_DEPLOYMENT_TARGET = 13.6;
				LD_RUNPATH_SEARCH_PATHS = (
					"$(inherited)",
					"@executable_path/Frameworks",
					"@loader_path/Frameworks",
				);
				PRODUCT_BUNDLE_IDENTIFIER = SMLogics.Assignment8Tests;
				PRODUCT_NAME = "$(TARGET_NAME)";
				SWIFT_VERSION = 5.0;
				TARGETED_DEVICE_FAMILY = "1,2";
				TEST_HOST = "$(BUILT_PRODUCTS_DIR)/Assignment8.app/Assignment8";
			};
			name = Debug;
		};
		5B2981BE24FC201400ABF31E /* Release */ = {
			isa = XCBuildConfiguration;
			buildSettings = {
				ALWAYS_EMBED_SWIFT_STANDARD_LIBRARIES = YES;
				BUNDLE_LOADER = "$(TEST_HOST)";
				CODE_SIGN_STYLE = Automatic;
				INFOPLIST_FILE = Assignment8Tests/Info.plist;
				IPHONEOS_DEPLOYMENT_TARGET = 13.6;
				LD_RUNPATH_SEARCH_PATHS = (
					"$(inherited)",
					"@executable_path/Frameworks",
					"@loader_path/Frameworks",
				);
				PRODUCT_BUNDLE_IDENTIFIER = SMLogics.Assignment8Tests;
				PRODUCT_NAME = "$(TARGET_NAME)";
				SWIFT_VERSION = 5.0;
				TARGETED_DEVICE_FAMILY = "1,2";
				TEST_HOST = "$(BUILT_PRODUCTS_DIR)/Assignment8.app/Assignment8";
			};
			name = Release;
		};
		5B2981C024FC201400ABF31E /* Debug */ = {
			isa = XCBuildConfiguration;
			buildSettings = {
				ALWAYS_EMBED_SWIFT_STANDARD_LIBRARIES = YES;
				CODE_SIGN_STYLE = Automatic;
				INFOPLIST_FILE = Assignment8UITests/Info.plist;
				LD_RUNPATH_SEARCH_PATHS = (
					"$(inherited)",
					"@executable_path/Frameworks",
					"@loader_path/Frameworks",
				);
				PRODUCT_BUNDLE_IDENTIFIER = SMLogics.Assignment8UITests;
				PRODUCT_NAME = "$(TARGET_NAME)";
				SWIFT_VERSION = 5.0;
				TARGETED_DEVICE_FAMILY = "1,2";
				TEST_TARGET_NAME = Assignment8;
			};
			name = Debug;
		};
		5B2981C124FC201400ABF31E /* Release */ = {
			isa = XCBuildConfiguration;
			buildSettings = {
				ALWAYS_EMBED_SWIFT_STANDARD_LIBRARIES = YES;
				CODE_SIGN_STYLE = Automatic;
				INFOPLIST_FILE = Assignment8UITests/Info.plist;
				LD_RUNPATH_SEARCH_PATHS = (
					"$(inherited)",
					"@executable_path/Frameworks",
					"@loader_path/Frameworks",
				);
				PRODUCT_BUNDLE_IDENTIFIER = SMLogics.Assignment8UITests;
				PRODUCT_NAME = "$(TARGET_NAME)";
				SWIFT_VERSION = 5.0;
				TARGETED_DEVICE_FAMILY = "1,2";
				TEST_TARGET_NAME = Assignment8;
			};
			name = Release;
		};
/* End XCBuildConfiguration section */

/* Begin XCConfigurationList section */
		5B29818A24FC201300ABF31E /* Build configuration list for PBXProject "Assignment8" */ = {
			isa = XCConfigurationList;
			buildConfigurations = (
				5B2981B724FC201400ABF31E /* Debug */,
				5B2981B824FC201400ABF31E /* Release */,
			);
			defaultConfigurationIsVisible = 0;
			defaultConfigurationName = Release;
		};
		5B2981B924FC201400ABF31E /* Build configuration list for PBXNativeTarget "Assignment8" */ = {
			isa = XCConfigurationList;
			buildConfigurations = (
				5B2981BA24FC201400ABF31E /* Debug */,
				5B2981BB24FC201400ABF31E /* Release */,
			);
			defaultConfigurationIsVisible = 0;
			defaultConfigurationName = Release;
		};
		5B2981BC24FC201400ABF31E /* Build configuration list for PBXNativeTarget "Assignment8Tests" */ = {
			isa = XCConfigurationList;
			buildConfigurations = (
				5B2981BD24FC201400ABF31E /* Debug */,
				5B2981BE24FC201400ABF31E /* Release */,
			);
			defaultConfigurationIsVisible = 0;
			defaultConfigurationName = Release;
		};
		5B2981BF24FC201400ABF31E /* Build configuration list for PBXNativeTarget "Assignment8UITests" */ = {
			isa = XCConfigurationList;
			buildConfigurations = (
				5B2981C024FC201400ABF31E /* Debug */,
				5B2981C124FC201400ABF31E /* Release */,
			);
			defaultConfigurationIsVisible = 0;
			defaultConfigurationName = Release;
		};
/* End XCConfigurationList section */
	};
	rootObject = 5B29818724FC201300ABF31E /* Project object */;
}
